Microsoft Visual Studio Solution File, Format Version 12.00
# Visual Studio Version 17
VisualStudioVersion = 17.5.2.0
MinimumVisualStudioVersion = 10.0.40219.1
Project("{FAE04EC0-301F-11D3-BF4B-00C04F79EFBC}") = "HootInvision", "HootInvision.csproj", "{BEB34BF4-1572-4B25-1B54-04623E153EE3}"
EndProject
Global
	GlobalSection(SolutionConfigurationPlatforms) = preSolution
		Debug|Any CPU = Debug|Any CPU
		Release|Any CPU = Release|Any CPU
	EndGlobalSection
	GlobalSection(ProjectConfigurationPlatforms) = postSolution
		{BEB34BF4-1572-4B25-1B54-04623E153EE3}.Debug|Any CPU.ActiveCfg = Debug|Any CPU
		{BEB34BF4-1572-4B25-1B54-04623E153EE3}.Debug|Any CPU.Build.0 = Debug|Any CPU
		{BEB34BF4-1572-4B25-1B54-04623E153EE3}.Release|Any CPU.ActiveCfg = Release|Any CPU
		{BEB34BF4-1572-4B25-1B54-04623E153EE3}.Release|Any CPU.Build.0 = Release|Any CPU
	EndGlobalSection
	GlobalSection(SolutionProperties) = preSolution
		HideSolutionNode = FALSE
	EndGlobalSection
	GlobalSection(ExtensibilityGlobals) = postSolution
		SolutionGuid = {3E20A75A-F14E-4D5B-88D1-E8CED437A5ED}
	EndGlobalSection
EndGlobal
